
Microsoft Visual Studio Solution File, Format Version 12.00
# Visual Studio Version 17
VisualStudioVersion = 17.14.36511.14 d17.14
MinimumVisualStudioVersion = 10.0.40219.1
Project("{FAE04EC0-301F-11D3-BF4B-00C04F79EFBC}") = "alivegeto.TaskPlanner.Domain.Models.", "..\alivegeto.TaskPlanner.Domain.Models\alivegeto.TaskPlanner.Domain.Models\alivegeto.TaskPlanner.Domain.Models..csproj", "{6B8F82DB-869C-4882-97A1-2533AA20B6F3}"
EndProject
Global
	GlobalSection(SolutionConfigurationPlatforms) = preSolution
		Debug|Any CPU = Debug|Any CPU
		Release|Any CPU = Release|Any CPU
	EndGlobalSection
	GlobalSection(ProjectConfigurationPlatforms) = postSolution
		{6B8F82DB-869C-4882-97A1-2533AA20B6F3}.Debug|Any CPU.ActiveCfg = Debug|Any CPU
		{6B8F82DB-869C-4882-97A1-2533AA20B6F3}.Debug|Any CPU.Build.0 = Debug|Any CPU
		{6B8F82DB-869C-4882-97A1-2533AA20B6F3}.Release|Any CPU.ActiveCfg = Release|Any CPU
		{6B8F82DB-869C-4882-97A1-2533AA20B6F3}.Release|Any CPU.Build.0 = Release|Any CPU
	EndGlobalSection
	GlobalSection(SolutionProperties) = preSolution
		HideSolutionNode = FALSE
	EndGlobalSection
	GlobalSection(ExtensibilityGlobals) = postSolution
		SolutionGuid = {83C1787A-5211-4195-90E4-4C187D828A2A}
	EndGlobalSection
EndGlobal
